
Microsoft Visual Studio Solution File, Format Version 12.00
# Visual Studio 2012
Project("{FAE04EC0-301F-11D3-BF4B-00C04F79EFBC}") = "XamlSync", "XamlSync\XamlSync.csproj", "{8DFACF5E-EA0C-46A2-B813-6ABF1486F650}"
EndProject
Project("{FAE04EC0-301F-11D3-BF4B-00C04F79EFBC}") = "XamlPlaygroundSyncTest", "XamlPlaygroundSyncTest\XamlPlaygroundSyncTest.csproj", "{CC037CC6-6C30-4453-82A9-79A4EE1ED1D5}"
EndProject
Project("{FAE04EC0-301F-11D3-BF4B-00C04F79EFBC}") = "UserInterfaceBuilder", "..\..\UserInterfaceBuilder\UserInterfaceBuilder\UserInterfaceBuilder.csproj", "{AD2889FF-CD83-4FA0-950A-F44C5317177E}"
EndProject
Global
	GlobalSection(SolutionConfigurationPlatforms) = preSolution
		Debug|Any CPU = Debug|Any CPU
		Release|Any CPU = Release|Any CPU
	EndGlobalSection
	GlobalSection(ProjectConfigurationPlatforms) = postSolution
		{8DFACF5E-EA0C-46A2-B813-6ABF1486F650}.Debug|Any CPU.ActiveCfg = Debug|Any CPU
		{8DFACF5E-EA0C-46A2-B813-6ABF1486F650}.Debug|Any CPU.Build.0 = Debug|Any CPU
		{8DFACF5E-EA0C-46A2-B813-6ABF1486F650}.Release|Any CPU.ActiveCfg = Release|Any CPU
		{8DFACF5E-EA0C-46A2-B813-6ABF1486F650}.Release|Any CPU.Build.0 = Release|Any CPU
		{CC037CC6-6C30-4453-82A9-79A4EE1ED1D5}.Debug|Any CPU.ActiveCfg = Debug|Any CPU
		{CC037CC6-6C30-4453-82A9-79A4EE1ED1D5}.Debug|Any CPU.Build.0 = Debug|Any CPU
		{CC037CC6-6C30-4453-82A9-79A4EE1ED1D5}.Release|Any CPU.ActiveCfg = Release|Any CPU
		{CC037CC6-6C30-4453-82A9-79A4EE1ED1D5}.Release|Any CPU.Build.0 = Release|Any CPU
		{AD2889FF-CD83-4FA0-950A-F44C5317177E}.Debug|Any CPU.ActiveCfg = Debug|Any CPU
		{AD2889FF-CD83-4FA0-950A-F44C5317177E}.Debug|Any CPU.Build.0 = Debug|Any CPU
		{AD2889FF-CD83-4FA0-950A-F44C5317177E}.Release|Any CPU.ActiveCfg = Release|Any CPU
		{AD2889FF-CD83-4FA0-950A-F44C5317177E}.Release|Any CPU.Build.0 = Release|Any CPU
	EndGlobalSection
EndGlobal
